
Microsoft Visual Studio Solution File, Format Version 12.00
# Visual Studio Version 17
VisualStudioVersion = 17.3.32929.385
MinimumVisualStudioVersion = 10.0.40219.1
Project("{9A19103F-16F7-4668-BE54-9A1E7A4F7556}") = "HotelListing.API", "HotelListing.API\HotelListing.API.csproj", "{D77CB649-8D94-49A7-BE73-3C8C6BF8E166}"
EndProject
Project("{FAE04EC0-301F-11D3-BF4B-00C04F79EFBC}") = "HotelListing.Data", "HotelListing.Data\HotelListing.Data.csproj", "{55D238A9-ED95-4EFB-A180-E9C30765206F}"
EndProject
Project("{FAE04EC0-301F-11D3-BF4B-00C04F79EFBC}") = "HotelListing.API.Core", "HotelListing.API.Core\HotelListing.API.Core.csproj", "{259BDF0D-CB66-41BF-A919-06EA1A26E3F5}"
EndProject
Global
	GlobalSection(SolutionConfigurationPlatforms) = preSolution
		Debug|Any CPU = Debug|Any CPU
		Release|Any CPU = Release|Any CPU
	EndGlobalSection
	GlobalSection(ProjectConfigurationPlatforms) = postSolution
		{D77CB649-8D94-49A7-BE73-3C8C6BF8E166}.Debug|Any CPU.ActiveCfg = Debug|Any CPU
		{D77CB649-8D94-49A7-BE73-3C8C6BF8E166}.Debug|Any CPU.Build.0 = Debug|Any CPU
		{D77CB649-8D94-49A7-BE73-3C8C6BF8E166}.Release|Any CPU.ActiveCfg = Release|Any CPU
		{D77CB649-8D94-49A7-BE73-3C8C6BF8E166}.Release|Any CPU.Build.0 = Release|Any CPU
		{55D238A9-ED95-4EFB-A180-E9C30765206F}.Debug|Any CPU.ActiveCfg = Debug|Any CPU
		{55D238A9-ED95-4EFB-A180-E9C30765206F}.Debug|Any CPU.Build.0 = Debug|Any CPU
		{55D238A9-ED95-4EFB-A180-E9C30765206F}.Release|Any CPU.ActiveCfg = Release|Any CPU
		{55D238A9-ED95-4EFB-A180-E9C30765206F}.Release|Any CPU.Build.0 = Release|Any CPU
		{259BDF0D-CB66-41BF-A919-06EA1A26E3F5}.Debug|Any CPU.ActiveCfg = Debug|Any CPU
		{259BDF0D-CB66-41BF-A919-06EA1A26E3F5}.Debug|Any CPU.Build.0 = Debug|Any CPU
		{259BDF0D-CB66-41BF-A919-06EA1A26E3F5}.Release|Any CPU.ActiveCfg = Release|Any CPU
		{259BDF0D-CB66-41BF-A919-06EA1A26E3F5}.Release|Any CPU.Build.0 = Release|Any CPU
	EndGlobalSection
	GlobalSection(SolutionProperties) = preSolution
		HideSolutionNode = FALSE
	EndGlobalSection
	GlobalSection(ExtensibilityGlobals) = postSolution
		SolutionGuid = {0A193439-F387-4867-9CEE-2A58B7ADB0F2}
	EndGlobalSection
EndGlobal
